
Microsoft Visual Studio Solution File, Format Version 12.00
# Visual Studio Version 17
VisualStudioVersion = 17.10.35027.167
MinimumVisualStudioVersion = 10.0.40219.1
Project("{FAE04EC0-301F-11D3-BF4B-00C04F79EFBC}") = "Week6Quiz", "Week6Quiz\Week6Quiz.csproj", "{311426E1-B8BF-4C68-9AA2-79F0F1E01F90}"
EndProject
Global
	GlobalSection(SolutionConfigurationPlatforms) = preSolution
		Debug|Any CPU = Debug|Any CPU
		Release|Any CPU = Release|Any CPU
	EndGlobalSection
	GlobalSection(ProjectConfigurationPlatforms) = postSolution
		{311426E1-B8BF-4C68-9AA2-79F0F1E01F90}.Debug|Any CPU.ActiveCfg = Debug|Any CPU
		{311426E1-B8BF-4C68-9AA2-79F0F1E01F90}.Debug|Any CPU.Build.0 = Debug|Any CPU
		{311426E1-B8BF-4C68-9AA2-79F0F1E01F90}.Release|Any CPU.ActiveCfg = Release|Any CPU
		{311426E1-B8BF-4C68-9AA2-79F0F1E01F90}.Release|Any CPU.Build.0 = Release|Any CPU
	EndGlobalSection
	GlobalSection(SolutionProperties) = preSolution
		HideSolutionNode = FALSE
	EndGlobalSection
	GlobalSection(ExtensibilityGlobals) = postSolution
		SolutionGuid = {6BC98500-33E3-47CA-8779-F7BFCF2537CD}
	EndGlobalSection
EndGlobal
